# THIS IS AN AUTOGENERATED FILE. DO NOT EDIT THIS FILE DIRECTLY.
# yarn lockfile v1


"@formatjs/ecma402-abstract@2.3.2":
  version "2.3.2"
  resolved "https://registry.yarnpkg.com/@formatjs/ecma402-abstract/-/ecma402-abstract-2.3.2.tgz#0ee291effe7ee2c340742a6c95d92eacb5e6c00a"
  integrity sha512-6sE5nyvDloULiyOMbOTJEEgWL32w+VHkZQs8S02Lnn8Y/O5aQhjOEXwWzvR7SsBE/exxlSpY2EsWZgqHbtLatg==
  dependencies:
    "@formatjs/fast-memoize" "2.2.6"
    "@formatjs/intl-localematcher" "0.5.10"
    decimal.js "10"
    tslib "2"

"@formatjs/fast-memoize@2.2.6":
  version "2.2.6"
  resolved "https://registry.yarnpkg.com/@formatjs/fast-memoize/-/fast-memoize-2.2.6.tgz#fac0a84207a1396be1f1aa4ee2805b179e9343d1"
  integrity sha512-luIXeE2LJbQnnzotY1f2U2m7xuQNj2DA8Vq4ce1BY9ebRZaoPB1+8eZ6nXpLzsxuW5spQxr7LdCg+CApZwkqkw==
  dependencies:
    tslib "2"

"@formatjs/icu-messageformat-parser@2.11.0":
  version "2.11.0"
  resolved "https://registry.yarnpkg.com/@formatjs/icu-messageformat-parser/-/icu-messageformat-parser-2.11.0.tgz#28d22a735114b7309c0d3e43d39f2660917867c8"
  integrity sha512-Hp81uTjjdTk3FLh/dggU5NK7EIsVWc5/ZDWrIldmf2rBuPejuZ13CZ/wpVE2SToyi4EiroPTQ1XJcJuZFIxTtw==
  dependencies:
    "@formatjs/ecma402-abstract" "2.3.2"
    "@formatjs/icu-skeleton-parser" "1.8.12"
    tslib "2"

"@formatjs/icu-skeleton-parser@1.8.12":
  version "1.8.12"
  resolved "https://registry.yarnpkg.com/@formatjs/icu-skeleton-parser/-/icu-skeleton-parser-1.8.12.tgz#43076747cdbe0f23bfac2b2a956bd8219716680d"
  integrity sha512-QRAY2jC1BomFQHYDMcZtClqHR55EEnB96V7Xbk/UiBodsuFc5kujybzt87+qj1KqmJozFhk6n4KiT1HKwAkcfg==
  dependencies:
    "@formatjs/ecma402-abstract" "2.3.2"
    tslib "2"

"@formatjs/intl-localematcher@0.5.10":
  version "0.5.10"
  resolved "https://registry.yarnpkg.com/@formatjs/intl-localematcher/-/intl-localematcher-0.5.10.tgz#1e0bd3fc1332c1fe4540cfa28f07e9227b659a58"
  integrity sha512-af3qATX+m4Rnd9+wHcjJ4w2ijq+rAVP3CCinJQvFv1kgSu1W6jypUmvleJxcewdxmutM8dmIRZFxO/IQBZmP2Q==
  dependencies:
    tslib "2"

"@gemini/ui@2.8.0":
  version "2.8.0"
  resolved "https://aviv-393381846713.d.codeartifact.eu-west-1.amazonaws.com/npm/gemini/@gemini/ui/-/ui-2.8.0.tgz#703ccd9b6c72403536b4776c79ae199cc9d3c8e5"
  integrity sha512-w/8NwNOZJBulrtapkvoCDDe8ri6QDRw0bfM0GScpktu88Q7GDSFl8JeMruNJThPd/ZX+b6inNueokNdOtaPSdg==
  dependencies:
    "@internationalized/date" "^3.6.0"
    "@react-aria/button" "^3.11.0"
    "@react-aria/calendar" "^3.6.0"
    "@react-aria/checkbox" "^3.15.0"
    "@react-aria/combobox" "^3.11.0"
    "@react-aria/datepicker" "^3.12.0"
    "@react-aria/dialog" "^3.5.20"
    "@react-aria/dnd" "^3.8.0"
    "@react-aria/focus" "^3.19.0"
    "@react-aria/i18n" "^3.12.4"
    "@react-aria/interactions" "^3.22.5"
    "@react-aria/label" "^3.7.13"
    "@react-aria/listbox" "^3.13.6"
    "@react-aria/menu" "^3.16.0"
    "@react-aria/numberfield" "^3.11.9"
    "@react-aria/overlays" "^3.24.0"
    "@react-aria/progress" "^3.4.18"
    "@react-aria/radio" "^3.10.10"
    "@react-aria/searchfield" "^3.7.11"
    "@react-aria/select" "^3.15.0"
    "@react-aria/tabs" "^3.9.8"
    "@react-aria/textfield" "^3.15.0"
    "@react-aria/tooltip" "^3.7.10"
    "@react-aria/utils" "^3.26.0"
    "@react-aria/visually-hidden" "^3.8.18"
    "@react-stately/calendar" "^3.6.0"
    "@react-stately/checkbox" "^3.6.10"
    "@react-stately/collections" "^3.12.0"
    "@react-stately/combobox" "^3.10.1"
    "@react-stately/datepicker" "^3.11.0"
    "@react-stately/list" "^3.11.1"
    "@react-stately/menu" "^3.9.0"
    "@react-stately/numberfield" "^3.9.8"
    "@react-stately/overlays" "^3.6.12"
    "@react-stately/radio" "^3.10.9"
    "@react-stately/select" "^3.6.9"
    "@react-stately/selection" "^3.18.0"
    "@react-stately/tabs" "^3.7.0"
    "@react-stately/toggle" "^3.8.0"
    "@react-stately/tooltip" "^3.5.0"
    "@react-stately/tree" "^3.8.6"
    libphonenumber-js "^1.11.17"
    react-fast-compare "^3.2.2"
    uuid "^11.0.3"

"@internationalized/date@^3.6.0", "@internationalized/date@^3.7.0":
  version "3.7.0"
  resolved "https://registry.yarnpkg.com/@internationalized/date/-/date-3.7.0.tgz#23a4956308ee108e308517a7137c69ab8f5f2ad9"
  integrity sha512-VJ5WS3fcVx0bejE/YHfbDKR/yawZgKqn/if+oEeLqNwBtPzVB06olkfcnojTmEMX+gTpH+FlQ69SHNitJ8/erQ==
  dependencies:
    "@swc/helpers" "^0.5.0"

"@internationalized/message@^3.1.6":
  version "3.1.6"
  resolved "https://registry.yarnpkg.com/@internationalized/message/-/message-3.1.6.tgz#e5a832788a17214bfb3e5bbf5f0e23ed2f568ad7"
  integrity sha512-JxbK3iAcTIeNr1p0WIFg/wQJjIzJt9l/2KNY/48vXV7GRGZSv3zMxJsce008fZclk2cDC8y0Ig3odceHO7EfNQ==
  dependencies:
    "@swc/helpers" "^0.5.0"
    intl-messageformat "^10.1.0"

"@internationalized/number@^3.6.0":
  version "3.6.0"
  resolved "https://registry.yarnpkg.com/@internationalized/number/-/number-3.6.0.tgz#dc6ba20c41b25eb605f1d5cac7d8668e9022c224"
  integrity sha512-PtrRcJVy7nw++wn4W2OuePQQfTqDzfusSuY1QTtui4wa7r+rGVtR75pO8CyKvHvzyQYi3Q1uO5sY0AsB4e65Bw==
  dependencies:
    "@swc/helpers" "^0.5.0"

"@internationalized/string@^3.2.5":
  version "3.2.5"
  resolved "https://registry.yarnpkg.com/@internationalized/string/-/string-3.2.5.tgz#2f387b256e79596a2e62ddd5e15c619fe241189c"
  integrity sha512-rKs71Zvl2OKOHM+mzAFMIyqR5hI1d1O6BBkMK2/lkfg3fkmVh9Eeg0awcA8W2WqYqDOv6a86DIOlFpggwLtbuw==
  dependencies:
    "@swc/helpers" "^0.5.0"

"@react-aria/button@^3.11.0":
  version "3.11.1"
  resolved "https://registry.yarnpkg.com/@react-aria/button/-/button-3.11.1.tgz#f285ab52ecb613d2233e3a54c6f3d4f394b6062d"
  integrity sha512-NSs2HxHSSPSuYy5bN+PMJzsCNDVsbm1fZ/nrWM2WWWHTBrx9OqyrEXZVV9ebzQCN9q0nzhwpf6D42zHIivWtJA==
  dependencies:
    "@react-aria/focus" "^3.19.1"
    "@react-aria/interactions" "^3.23.0"
    "@react-aria/toolbar" "3.0.0-beta.12"
    "@react-aria/utils" "^3.27.0"
    "@react-stately/toggle" "^3.8.1"
    "@react-types/button" "^3.10.2"
    "@react-types/shared" "^3.27.0"
    "@swc/helpers" "^0.5.0"

"@react-aria/calendar@^3.6.0":
  version "3.7.0"
  resolved "https://registry.yarnpkg.com/@react-aria/calendar/-/calendar-3.7.0.tgz#b0a13dc0acc762157cc774e96dd5dfe8cd624c10"
  integrity sha512-9YUbgcox7cQgvZfQtL2BLLRsIuX4mJeclk9HkFoOsAu3RGO5HNsteah8FV54W8BMjm/bNRXIPUxtjTTP+1L6jg==
  dependencies:
    "@internationalized/date" "^3.7.0"
    "@react-aria/i18n" "^3.12.5"
    "@react-aria/interactions" "^3.23.0"
    "@react-aria/live-announcer" "^3.4.1"
    "@react-aria/utils" "^3.27.0"
    "@react-stately/calendar" "^3.7.0"
    "@react-types/button" "^3.10.2"
    "@react-types/calendar" "^3.6.0"
    "@react-types/shared" "^3.27.0"
    "@swc/helpers" "^0.5.0"

"@react-aria/checkbox@^3.15.0":
  version "3.15.1"
  resolved "https://registry.yarnpkg.com/@react-aria/checkbox/-/checkbox-3.15.1.tgz#384806adc3c2700cb09b2c4e03d8ad25c8ec3892"
  integrity sha512-ETgsMDZ0IZzRXy/OVlGkazm8T+PcMHoTvsxp0c+U82c8iqdITA+VJ615eBPOQh6OkkYIIn4cRn/e+69RmGzXng==
  dependencies:
    "@react-aria/form" "^3.0.12"
    "@react-aria/interactions" "^3.23.0"
    "@react-aria/label" "^3.7.14"
    "@react-aria/toggle" "^3.10.11"
    "@react-aria/utils" "^3.27.0"
    "@react-stately/checkbox" "^3.6.11"
    "@react-stately/form" "^3.1.1"
    "@react-stately/toggle" "^3.8.1"
    "@react-types/checkbox" "^3.9.1"
    "@react-types/shared" "^3.27.0"
    "@swc/helpers" "^0.5.0"

"@react-aria/combobox@^3.11.0":
  version "3.11.1"
  resolved "https://registry.yarnpkg.com/@react-aria/combobox/-/combobox-3.11.1.tgz#1bb3e390dc4fbe94c5f5c7b1f600f656abd2a8a1"
  integrity sha512-TTNbGhUuqxzPcJzd6hufOxuHzX0UARkw+0bl+TuCwNPQnqrcPf20EoOZvd3MHZwGq6GCP4QV+qo0uGx83RpUvA==
  dependencies:
    "@react-aria/i18n" "^3.12.5"
    "@react-aria/listbox" "^3.14.0"
    "@react-aria/live-announcer" "^3.4.1"
    "@react-aria/menu" "^3.17.0"
    "@react-aria/overlays" "^3.25.0"
    "@react-aria/selection" "^3.22.0"
    "@react-aria/textfield" "^3.16.0"
    "@react-aria/utils" "^3.27.0"
    "@react-stately/collections" "^3.12.1"
    "@react-stately/combobox" "^3.10.2"
    "@react-stately/form" "^3.1.1"
    "@react-types/button" "^3.10.2"
    "@react-types/combobox" "^3.13.2"
    "@react-types/shared" "^3.27.0"
    "@swc/helpers" "^0.5.0"

"@react-aria/datepicker@^3.12.0":
  version "3.13.0"
  resolved "https://registry.yarnpkg.com/@react-aria/datepicker/-/datepicker-3.13.0.tgz#ea1f5085da5b8b50c932e94716a7f8bdd0f489f0"
  integrity sha512-TmJan65P3Vk7VDBNW5rH9Z25cAn0vk8TEtaP3boCs8wJFE+HbEuB8EqLxBFu47khtuKTEqDP3dTlUh2Vt/f7Xw==
  dependencies:
    "@internationalized/date" "^3.7.0"
    "@internationalized/number" "^3.6.0"
    "@internationalized/string" "^3.2.5"
    "@react-aria/focus" "^3.19.1"
    "@react-aria/form" "^3.0.12"
    "@react-aria/i18n" "^3.12.5"
    "@react-aria/interactions" "^3.23.0"
    "@react-aria/label" "^3.7.14"
    "@react-aria/spinbutton" "^3.6.11"
    "@react-aria/utils" "^3.27.0"
    "@react-stately/datepicker" "^3.12.0"
    "@react-stately/form" "^3.1.1"
    "@react-types/button" "^3.10.2"
    "@react-types/calendar" "^3.6.0"
    "@react-types/datepicker" "^3.10.0"
    "@react-types/dialog" "^3.5.15"
    "@react-types/shared" "^3.27.0"
    "@swc/helpers" "^0.5.0"

"@react-aria/dialog@^3.5.20":
  version "3.5.21"
  resolved "https://registry.yarnpkg.com/@react-aria/dialog/-/dialog-3.5.21.tgz#ded634dda5c16b720595f4a1aaa0cfb09b4979ff"
  integrity sha512-tBsn9swBhcptJ9QIm0+ur0PVR799N6qmGguva3rUdd+gfitknFScyT08d7AoMr9AbXYdJ+2R9XNSZ3H3uIWQMw==
  dependencies:
    "@react-aria/focus" "^3.19.1"
    "@react-aria/overlays" "^3.25.0"
    "@react-aria/utils" "^3.27.0"
    "@react-types/dialog" "^3.5.15"
    "@react-types/shared" "^3.27.0"
    "@swc/helpers" "^0.5.0"

"@react-aria/dnd@^3.8.0":
  version "3.8.1"
  resolved "https://registry.yarnpkg.com/@react-aria/dnd/-/dnd-3.8.1.tgz#acb1aae522c6e28b9eb0ae1ff5f009e28962fba4"
  integrity sha512-FoXYQ4z33E9YBzIGRJM1B1oZep6CvEWgXvjCZGURatjr3qG7vf95mOqA5kVd9bjLL7QK4w0ujJWEBfog3WmufA==
  dependencies:
    "@internationalized/string" "^3.2.5"
    "@react-aria/i18n" "^3.12.5"
    "@react-aria/interactions" "^3.23.0"
    "@react-aria/live-announcer" "^3.4.1"
    "@react-aria/overlays" "^3.25.0"
    "@react-aria/utils" "^3.27.0"
    "@react-stately/dnd" "^3.5.1"
    "@react-types/button" "^3.10.2"
    "@react-types/shared" "^3.27.0"
    "@swc/helpers" "^0.5.0"

"@react-aria/focus@^3.19.0", "@react-aria/focus@^3.19.1":
  version "3.19.1"
  resolved "https://registry.yarnpkg.com/@react-aria/focus/-/focus-3.19.1.tgz#6655e53d04eb7b46c8d39e671013d1c17fca5ba2"
  integrity sha512-bix9Bu1Ue7RPcYmjwcjhB14BMu2qzfJ3tMQLqDc9pweJA66nOw8DThy3IfVr8Z7j2PHktOLf9kcbiZpydKHqzg==
  dependencies:
    "@react-aria/interactions" "^3.23.0"
    "@react-aria/utils" "^3.27.0"
    "@react-types/shared" "^3.27.0"
    "@swc/helpers" "^0.5.0"
    clsx "^2.0.0"

"@react-aria/form@^3.0.12":
  version "3.0.12"
  resolved "https://registry.yarnpkg.com/@react-aria/form/-/form-3.0.12.tgz#1d916c15dfa050e4c02a689151a92b4d10bec445"
  integrity sha512-8uvPYEd3GDyGt5NRJIzdWW1Ry5HLZq37vzRZKUW8alZ2upFMH3KJJG55L9GP59KiF6zBrYBebvI/YK1Ye1PE1g==
  dependencies:
    "@react-aria/interactions" "^3.23.0"
    "@react-aria/utils" "^3.27.0"
    "@react-stately/form" "^3.1.1"
    "@react-types/shared" "^3.27.0"
    "@swc/helpers" "^0.5.0"

"@react-aria/i18n@^3.12.4", "@react-aria/i18n@^3.12.5":
  version "3.12.5"
  resolved "https://registry.yarnpkg.com/@react-aria/i18n/-/i18n-3.12.5.tgz#7dc2ab8bbf2374c1797e3c553f34735be88f52eb"
  integrity sha512-ooeop2pTG94PuaHoN2OTk2hpkqVuoqgEYxRvnc1t7DVAtsskfhS/gVOTqyWGsxvwAvRi7m/CnDu6FYdeQ/bK5w==
  dependencies:
    "@internationalized/date" "^3.7.0"
    "@internationalized/message" "^3.1.6"
    "@internationalized/number" "^3.6.0"
    "@internationalized/string" "^3.2.5"
    "@react-aria/ssr" "^3.9.7"
    "@react-aria/utils" "^3.27.0"
    "@react-types/shared" "^3.27.0"
    "@swc/helpers" "^0.5.0"

"@react-aria/interactions@^3.22.5", "@react-aria/interactions@^3.23.0":
  version "3.23.0"
  resolved "https://registry.yarnpkg.com/@react-aria/interactions/-/interactions-3.23.0.tgz#28fce22310faeaa114978728045fb2b4fe80acc8"
  integrity sha512-0qR1atBIWrb7FzQ+Tmr3s8uH5mQdyRH78n0krYaG8tng9+u1JlSi8DGRSaC9ezKyNB84m7vHT207xnHXGeJ3Fg==
  dependencies:
    "@react-aria/ssr" "^3.9.7"
    "@react-aria/utils" "^3.27.0"
    "@react-types/shared" "^3.27.0"
    "@swc/helpers" "^0.5.0"

"@react-aria/label@^3.7.13", "@react-aria/label@^3.7.14":
  version "3.7.14"
  resolved "https://registry.yarnpkg.com/@react-aria/label/-/label-3.7.14.tgz#a4922cbfbbe20e8e14b84b0c56c504d73257f094"
  integrity sha512-EN1Md2YvcC4sMqBoggsGYUEGlTNqUfJZWzduSt29fbQp1rKU2KlybTe+TWxKq/r2fFd+4JsRXxMeJiwB3w2AQA==
  dependencies:
    "@react-aria/utils" "^3.27.0"
    "@react-types/shared" "^3.27.0"
    "@swc/helpers" "^0.5.0"

"@react-aria/listbox@^3.13.6", "@react-aria/listbox@^3.14.0":
  version "3.14.0"
  resolved "https://registry.yarnpkg.com/@react-aria/listbox/-/listbox-3.14.0.tgz#5de653504b3600fc3eabc7fa92927ddb5731fee1"
  integrity sha512-pyVbKavh8N8iyiwOx6I3JIcICvAzFXkKSFni1yarfgngJsJV3KSyOkzLomOfN9UhbjcV4sX61/fccwJuvlurlA==
  dependencies:
    "@react-aria/interactions" "^3.23.0"
    "@react-aria/label" "^3.7.14"
    "@react-aria/selection" "^3.22.0"
    "@react-aria/utils" "^3.27.0"
    "@react-stately/collections" "^3.12.1"
    "@react-stately/list" "^3.11.2"
    "@react-types/listbox" "^3.5.4"
    "@react-types/shared" "^3.27.0"
    "@swc/helpers" "^0.5.0"

"@react-aria/live-announcer@^3.4.1":
  version "3.4.1"
  resolved "https://registry.yarnpkg.com/@react-aria/live-announcer/-/live-announcer-3.4.1.tgz#efedf706b23f6e1b526a3a35c14c202ac3e68487"
  integrity sha512-4X2mcxgqLvvkqxv2l1n00jTzUxxe0kkLiapBGH1LHX/CxA1oQcHDqv8etJ2ZOwmS/MSBBiWnv3DwYHDOF6ubig==
  dependencies:
    "@swc/helpers" "^0.5.0"

"@react-aria/menu@^3.16.0", "@react-aria/menu@^3.17.0":
  version "3.17.0"
  resolved "https://registry.yarnpkg.com/@react-aria/menu/-/menu-3.17.0.tgz#e4a645366c82420520852dd42649a563ee732939"
  integrity sha512-aiFvSv3G1YvPC0klJQ/9quB05xIDZzJ5Lt6/CykP0UwGK5i8GCqm6/cyFLwEXsS5ooUPxS3bqmdOsgdADSSgqg==
  dependencies:
    "@react-aria/focus" "^3.19.1"
    "@react-aria/i18n" "^3.12.5"
    "@react-aria/interactions" "^3.23.0"
    "@react-aria/overlays" "^3.25.0"
    "@react-aria/selection" "^3.22.0"
    "@react-aria/utils" "^3.27.0"
    "@react-stately/collections" "^3.12.1"
    "@react-stately/menu" "^3.9.1"
    "@react-stately/selection" "^3.19.0"
    "@react-stately/tree" "^3.8.7"
    "@react-types/button" "^3.10.2"
    "@react-types/menu" "^3.9.14"
    "@react-types/shared" "^3.27.0"
    "@swc/helpers" "^0.5.0"

"@react-aria/numberfield@^3.11.9":
  version "3.11.10"
  resolved "https://registry.yarnpkg.com/@react-aria/numberfield/-/numberfield-3.11.10.tgz#ce6b0325c296799ff976a396e733c2ef7c89f784"
  integrity sha512-bYbTfO9NbAKMFOfEGGs+lvlxk0I9L0lU3WD2PFQZWdaoBz9TCkL+vK0fJk1zsuKaVjeGsmHP9VesBPRmaP0MiA==
  dependencies:
    "@react-aria/i18n" "^3.12.5"
    "@react-aria/interactions" "^3.23.0"
    "@react-aria/spinbutton" "^3.6.11"
    "@react-aria/textfield" "^3.16.0"
    "@react-aria/utils" "^3.27.0"
    "@react-stately/form" "^3.1.1"
    "@react-stately/numberfield" "^3.9.9"
    "@react-types/button" "^3.10.2"
    "@react-types/numberfield" "^3.8.8"
    "@react-types/shared" "^3.27.0"
    "@swc/helpers" "^0.5.0"

"@react-aria/overlays@^3.24.0", "@react-aria/overlays@^3.25.0":
  version "3.25.0"
  resolved "https://registry.yarnpkg.com/@react-aria/overlays/-/overlays-3.25.0.tgz#794c4f2f08ea6ccdd18b3030776b3929a4950cdb"
  integrity sha512-UEqJJ4duowrD1JvwXpPZreBuK79pbyNjNxFUVpFSskpGEJe3oCWwsSDKz7P1O7xbx5OYp+rDiY8fk/sE5rkaKw==
  dependencies:
    "@react-aria/focus" "^3.19.1"
    "@react-aria/i18n" "^3.12.5"
    "@react-aria/interactions" "^3.23.0"
    "@react-aria/ssr" "^3.9.7"
    "@react-aria/utils" "^3.27.0"
    "@react-aria/visually-hidden" "^3.8.19"
    "@react-stately/overlays" "^3.6.13"
    "@react-types/button" "^3.10.2"
    "@react-types/overlays" "^3.8.12"
    "@react-types/shared" "^3.27.0"
    "@swc/helpers" "^0.5.0"

"@react-aria/progress@^3.4.18":
  version "3.4.19"
  resolved "https://registry.yarnpkg.com/@react-aria/progress/-/progress-3.4.19.tgz#722ea3389da0d067b092b13fe01c3edb2a9c4ce7"
  integrity sha512-5HHnBJHqEUuY+dYsjIZDYsENeKr49VCuxeaDZ0OSahbOlloIOB1baCo/6jLBv1O1rwrAzZ2gCCPcVGed/cjrcw==
  dependencies:
    "@react-aria/i18n" "^3.12.5"
    "@react-aria/label" "^3.7.14"
    "@react-aria/utils" "^3.27.0"
    "@react-types/progress" "^3.5.9"
    "@react-types/shared" "^3.27.0"
    "@swc/helpers" "^0.5.0"

"@react-aria/radio@^3.10.10":
  version "3.10.11"
  resolved "https://registry.yarnpkg.com/@react-aria/radio/-/radio-3.10.11.tgz#535ca489615e357292835026acb856d561651361"
  integrity sha512-R150HsBFPr1jLMShI4aBM8heCa1k6h0KEvnFRfTAOBu+B9hMSZOPB+d6GQOwGPysNlbset90Kej8G15FGHjqiA==
  dependencies:
    "@react-aria/focus" "^3.19.1"
    "@react-aria/form" "^3.0.12"
    "@react-aria/i18n" "^3.12.5"
    "@react-aria/interactions" "^3.23.0"
    "@react-aria/label" "^3.7.14"
    "@react-aria/utils" "^3.27.0"
    "@react-stately/radio" "^3.10.10"
    "@react-types/radio" "^3.8.6"
    "@react-types/shared" "^3.27.0"
    "@swc/helpers" "^0.5.0"

"@react-aria/searchfield@^3.7.11":
  version "3.8.0"
  resolved "https://registry.yarnpkg.com/@react-aria/searchfield/-/searchfield-3.8.0.tgz#72b836ed438cb0edff917881a033fd92f945919b"
  integrity sha512-AaZuH9YIWlMyE1m7cSjHCfOuQmlWN+w8HVW32TxeGGGL1kJsYAlSYWYHUyYFIKh245kq/m5zUxAxmw5Ygmnx5w==
  dependencies:
    "@react-aria/i18n" "^3.12.5"
    "@react-aria/textfield" "^3.16.0"
    "@react-aria/utils" "^3.27.0"
    "@react-stately/searchfield" "^3.5.9"
    "@react-types/button" "^3.10.2"
    "@react-types/searchfield" "^3.5.11"
    "@react-types/shared" "^3.27.0"
    "@swc/helpers" "^0.5.0"

"@react-aria/select@^3.15.0":
  version "3.15.1"
  resolved "https://registry.yarnpkg.com/@react-aria/select/-/select-3.15.1.tgz#2497a78ad3ea87dc7e46f50e629594e69a5e840d"
  integrity sha512-FOtY1tuHt0YTHwOEy/sf7LEIL+Nnkho3wJmfpWQuTxsvMCF7UJdQPYPd6/jGCcCdiqW7H4iqyjUkSp6nk/XRWQ==
  dependencies:
    "@react-aria/form" "^3.0.12"
    "@react-aria/i18n" "^3.12.5"
    "@react-aria/interactions" "^3.23.0"
    "@react-aria/label" "^3.7.14"
    "@react-aria/listbox" "^3.14.0"
    "@react-aria/menu" "^3.17.0"
    "@react-aria/selection" "^3.22.0"
    "@react-aria/utils" "^3.27.0"
    "@react-aria/visually-hidden" "^3.8.19"
    "@react-stately/select" "^3.6.10"
    "@react-types/button" "^3.10.2"
    "@react-types/select" "^3.9.9"
    "@react-types/shared" "^3.27.0"
    "@swc/helpers" "^0.5.0"

"@react-aria/selection@^3.22.0":
  version "3.22.0"
  resolved "https://registry.yarnpkg.com/@react-aria/selection/-/selection-3.22.0.tgz#29dd953cde1e1a3ba44e1d30d097d2babed03e7f"
  integrity sha512-XFOrK525HX2eeWeLZcZscUAs5qsuC1ZxsInDXMjvLeAaUPtQNEhUKHj3psDAl6XDU4VV1IJo0qCmFTVqTTMZSg==
  dependencies:
    "@react-aria/focus" "^3.19.1"
    "@react-aria/i18n" "^3.12.5"
    "@react-aria/interactions" "^3.23.0"
    "@react-aria/utils" "^3.27.0"
    "@react-stately/selection" "^3.19.0"
    "@react-types/shared" "^3.27.0"
    "@swc/helpers" "^0.5.0"

"@react-aria/spinbutton@^3.6.11":
  version "3.6.11"
  resolved "https://registry.yarnpkg.com/@react-aria/spinbutton/-/spinbutton-3.6.11.tgz#e6b7b740b95568851c36d4840a348b4756b33641"
  integrity sha512-RM+gYS9tf9Wb+GegV18n4ArK3NBKgcsak7Nx1CkEgX9BjJ0yayWUHdfEjRRvxGXl+1z1n84cJVkZ6FUlWOWEZA==
  dependencies:
    "@react-aria/i18n" "^3.12.5"
    "@react-aria/live-announcer" "^3.4.1"
    "@react-aria/utils" "^3.27.0"
    "@react-types/button" "^3.10.2"
    "@react-types/shared" "^3.27.0"
    "@swc/helpers" "^0.5.0"

"@react-aria/ssr@^3.9.7":
  version "3.9.7"
  resolved "https://registry.yarnpkg.com/@react-aria/ssr/-/ssr-3.9.7.tgz#d89d129f7bbc5148657e6c952ac31c9353183770"
  integrity sha512-GQygZaGlmYjmYM+tiNBA5C6acmiDWF52Nqd40bBp0Znk4M4hP+LTmI0lpI1BuKMw45T8RIhrAsICIfKwZvi2Gg==
  dependencies:
    "@swc/helpers" "^0.5.0"

"@react-aria/tabs@^3.9.8":
  version "3.9.9"
  resolved "https://registry.yarnpkg.com/@react-aria/tabs/-/tabs-3.9.9.tgz#71d35657062bbfd9d2d31ecedeaf24980e6207c7"
  integrity sha512-oXPtANs16xu6MdMGLHjGV/2Zupvyp9CJEt7ORPLv5xAzSY5hSjuQHJLZ0te3Lh/KSG5/0o3RW/W5yEqo7pBQQQ==
  dependencies:
    "@react-aria/focus" "^3.19.1"
    "@react-aria/i18n" "^3.12.5"
    "@react-aria/selection" "^3.22.0"
    "@react-aria/utils" "^3.27.0"
    "@react-stately/tabs" "^3.7.1"
    "@react-types/shared" "^3.27.0"
    "@react-types/tabs" "^3.3.12"
    "@swc/helpers" "^0.5.0"

"@react-aria/textfield@^3.15.0", "@react-aria/textfield@^3.16.0":
  version "3.16.0"
  resolved "https://registry.yarnpkg.com/@react-aria/textfield/-/textfield-3.16.0.tgz#1a20289e333d4a13db0d59301aaafcc8e010cf3a"
  integrity sha512-53RVpMeMDN/QoabqnYZ1lxTh1xTQ3IBYQARuayq5EGGMafyxoFHzttxUdSqkZGK/+zdSF2GfmjOYJVm2nDKuDQ==
  dependencies:
    "@react-aria/focus" "^3.19.1"
    "@react-aria/form" "^3.0.12"
    "@react-aria/label" "^3.7.14"
    "@react-aria/utils" "^3.27.0"
    "@react-stately/form" "^3.1.1"
    "@react-stately/utils" "^3.10.5"
    "@react-types/shared" "^3.27.0"
    "@react-types/textfield" "^3.11.0"
    "@swc/helpers" "^0.5.0"

"@react-aria/toggle@^3.10.11":
  version "3.10.11"
  resolved "https://registry.yarnpkg.com/@react-aria/toggle/-/toggle-3.10.11.tgz#7873648bc83041570d149c234c531639f5346168"
  integrity sha512-J3jO3KJiUbaYVDEpeXSBwqcyKxpi9OreiHRGiaxb6VwB+FWCj7Gb2WKajByXNyfs8jc6kX9VUFaXa7jze60oEQ==
  dependencies:
    "@react-aria/focus" "^3.19.1"
    "@react-aria/interactions" "^3.23.0"
    "@react-aria/utils" "^3.27.0"
    "@react-stately/toggle" "^3.8.1"
    "@react-types/checkbox" "^3.9.1"
    "@react-types/shared" "^3.27.0"
    "@swc/helpers" "^0.5.0"

"@react-aria/toolbar@3.0.0-beta.12":
  version "3.0.0-beta.12"
  resolved "https://registry.yarnpkg.com/@react-aria/toolbar/-/toolbar-3.0.0-beta.12.tgz#b1bf229df637953150be480ac09eec9274c5e75a"
  integrity sha512-a+Be27BtM2lzEdTzm19FikPbitfW65g/JZln3kyAvgpswhU6Ljl8lztaVw4ixjG4H0nqnKvVggMy4AlWwDUaVQ==
  dependencies:
    "@react-aria/focus" "^3.19.1"
    "@react-aria/i18n" "^3.12.5"
    "@react-aria/utils" "^3.27.0"
    "@react-types/shared" "^3.27.0"
    "@swc/helpers" "^0.5.0"

"@react-aria/tooltip@^3.7.10":
  version "3.7.11"
  resolved "https://registry.yarnpkg.com/@react-aria/tooltip/-/tooltip-3.7.11.tgz#f02822496e77d7bd5664aeda8670e8428288d7e7"
  integrity sha512-mhZgAWUj7bUWipDeJXaVPZdqnzoBCd/uaEbdafnvgETmov1udVqPTh9w4ZKX2Oh1wa2+OdLFrBOk+8vC6QbWag==
  dependencies:
    "@react-aria/focus" "^3.19.1"
    "@react-aria/interactions" "^3.23.0"
    "@react-aria/utils" "^3.27.0"
    "@react-stately/tooltip" "^3.5.1"
    "@react-types/shared" "^3.27.0"
    "@react-types/tooltip" "^3.4.14"
    "@swc/helpers" "^0.5.0"

"@react-aria/utils@^3.26.0", "@react-aria/utils@^3.27.0":
  version "3.27.0"
  resolved "https://registry.yarnpkg.com/@react-aria/utils/-/utils-3.27.0.tgz#92a58177c60055bb007c2e886d2d914f42df2386"
  integrity sha512-p681OtApnKOdbeN8ITfnnYqfdHS0z7GE+4l8EXlfLnr70Rp/9xicBO6d2rU+V/B3JujDw2gPWxYKEnEeh0CGCw==
  dependencies:
    "@react-aria/ssr" "^3.9.7"
    "@react-stately/utils" "^3.10.5"
    "@react-types/shared" "^3.27.0"
    "@swc/helpers" "^0.5.0"
    clsx "^2.0.0"

"@react-aria/visually-hidden@^3.8.18", "@react-aria/visually-hidden@^3.8.19":
  version "3.8.19"
  resolved "https://registry.yarnpkg.com/@react-aria/visually-hidden/-/visually-hidden-3.8.19.tgz#4717f6d4333dfa901fa1805c289a025ca0e9dbfc"
  integrity sha512-MZgCCyQ3sdG94J5iJz7I7Ai3IxoN0U5d/+EaUnA1mfK7jf2fSYQBqi6Eyp8sWUYzBTLw4giXB5h0RGAnWzk9hA==
  dependencies:
    "@react-aria/interactions" "^3.23.0"
    "@react-aria/utils" "^3.27.0"
    "@react-types/shared" "^3.27.0"
    "@swc/helpers" "^0.5.0"

"@react-stately/calendar@^3.6.0", "@react-stately/calendar@^3.7.0":
  version "3.7.0"
  resolved "https://registry.yarnpkg.com/@react-stately/calendar/-/calendar-3.7.0.tgz#2c1391173a077734f74e1e27cab6da333ca1d0e5"
  integrity sha512-N15zKubP2S7eWfPSJjKVlmJA7YpWzrIGx52BFhwLSQAZcV+OPcMgvOs71WtB7PLwl6DUYQGsgc0B3tcHzzvdvQ==
  dependencies:
    "@internationalized/date" "^3.7.0"
    "@react-stately/utils" "^3.10.5"
    "@react-types/calendar" "^3.6.0"
    "@react-types/shared" "^3.27.0"
    "@swc/helpers" "^0.5.0"

"@react-stately/checkbox@^3.6.10", "@react-stately/checkbox@^3.6.11":
  version "3.6.11"
  resolved "https://registry.yarnpkg.com/@react-stately/checkbox/-/checkbox-3.6.11.tgz#91cead7b40a8aa6e198a7191d2ffeb1cdc59054a"
  integrity sha512-jApdBis+Q1sXLivg+f7krcVaP/AMMMiQcVqcz5gwxlweQN+dRZ/NpL0BYaDOuGc26Mp0lcuVaET3jIZeHwtyxA==
  dependencies:
    "@react-stately/form" "^3.1.1"
    "@react-stately/utils" "^3.10.5"
    "@react-types/checkbox" "^3.9.1"
    "@react-types/shared" "^3.27.0"
    "@swc/helpers" "^0.5.0"

"@react-stately/collections@^3.12.0", "@react-stately/collections@^3.12.1":
  version "3.12.1"
  resolved "https://registry.yarnpkg.com/@react-stately/collections/-/collections-3.12.1.tgz#3a0af2555f95c339706a68e51b8f828df5d9ee7f"
  integrity sha512-8QmFBL7f+P64dEP4o35pYH61/lP0T/ziSdZAvNMrCqaM+fXcMfUp2yu1E63kADVX7WRDsFJWE3CVMeqirPH6Xg==
  dependencies:
    "@react-types/shared" "^3.27.0"
    "@swc/helpers" "^0.5.0"

"@react-stately/combobox@^3.10.1", "@react-stately/combobox@^3.10.2":
  version "3.10.2"
  resolved "https://registry.yarnpkg.com/@react-stately/combobox/-/combobox-3.10.2.tgz#2a6d861d7464f62d82e5f1859bb15e981fd0b0e9"
  integrity sha512-uT642Dool4tQBh+8UQjlJnTisrJVtg3LqmiP/HqLQ4O3pW0O+ImbG+2r6c9dUzlAnH4kEfmEwCp9dxkBkmFWsg==
  dependencies:
    "@react-stately/collections" "^3.12.1"
    "@react-stately/form" "^3.1.1"
    "@react-stately/list" "^3.11.2"
    "@react-stately/overlays" "^3.6.13"
    "@react-stately/select" "^3.6.10"
    "@react-stately/utils" "^3.10.5"
    "@react-types/combobox" "^3.13.2"
    "@react-types/shared" "^3.27.0"
    "@swc/helpers" "^0.5.0"

"@react-stately/datepicker@^3.11.0", "@react-stately/datepicker@^3.12.0":
  version "3.12.0"
  resolved "https://registry.yarnpkg.com/@react-stately/datepicker/-/datepicker-3.12.0.tgz#c9e5d0694a4d8bf0dbb3e795b81dfa0eb5f1e7a2"
  integrity sha512-AfJEP36d+QgQ30GfacXtYdGsJvqY2yuCJ+JrjHct+m1nYuTkMvMMnhwNBFasgDJPLCDyHzyANlWkl2kQGfsBFw==
  dependencies:
    "@internationalized/date" "^3.7.0"
    "@internationalized/string" "^3.2.5"
    "@react-stately/form" "^3.1.1"
    "@react-stately/overlays" "^3.6.13"
    "@react-stately/utils" "^3.10.5"
    "@react-types/datepicker" "^3.10.0"
    "@react-types/shared" "^3.27.0"
    "@swc/helpers" "^0.5.0"

"@react-stately/dnd@^3.5.1":
  version "3.5.1"
  resolved "https://registry.yarnpkg.com/@react-stately/dnd/-/dnd-3.5.1.tgz#fb2483df0abdb34352a06e36d199c016f315977d"
  integrity sha512-N18wt6fka9ngJJqxfAzmdtyrk9whAnqWUxZn22CatjNQsqukI4a6KRYwZTXM9x/wm7KamhVOp+GBl85zM8GLdA==
  dependencies:
    "@react-stately/selection" "^3.19.0"
    "@react-types/shared" "^3.27.0"
    "@swc/helpers" "^0.5.0"

"@react-stately/form@^3.1.1":
  version "3.1.1"
  resolved "https://registry.yarnpkg.com/@react-stately/form/-/form-3.1.1.tgz#46980c7b64a785497936a379a67c0dfa8f3c76f7"
  integrity sha512-qavrz5X5Mdf/Q1v/QJRxc0F8UTNEyRCNSM1we/nnF7GV64+aYSDLOtaRGmzq+09RSwo1c8ZYnIkK5CnwsPhTsQ==
  dependencies:
    "@react-types/shared" "^3.27.0"
    "@swc/helpers" "^0.5.0"

"@react-stately/list@^3.11.1", "@react-stately/list@^3.11.2":
  version "3.11.2"
  resolved "https://registry.yarnpkg.com/@react-stately/list/-/list-3.11.2.tgz#11f1002707dfb54af391a24ca8ef063b6a8cde26"
  integrity sha512-eU2tY3aWj0SEeC7lH9AQoeAB4LL9mwS54FvTgHHoOgc1ZIwRJUaZoiuETyWQe98AL8KMgR1nrnDJ1I+CcT1Y7g==
  dependencies:
    "@react-stately/collections" "^3.12.1"
    "@react-stately/selection" "^3.19.0"
    "@react-stately/utils" "^3.10.5"
    "@react-types/shared" "^3.27.0"
    "@swc/helpers" "^0.5.0"

"@react-stately/menu@^3.9.0", "@react-stately/menu@^3.9.1":
  version "3.9.1"
  resolved "https://registry.yarnpkg.com/@react-stately/menu/-/menu-3.9.1.tgz#fc01957ed8e01e7d85c0b6bd21bc8087b4df59f3"
  integrity sha512-WRjGGImhQlQaer/hhahGytwd1BDq3fjpTkY/04wv3cQJPJR6lkVI5nSvGFMHfCaErsA1bNyB8/T9Y5F5u4u9ng==
  dependencies:
    "@react-stately/overlays" "^3.6.13"
    "@react-types/menu" "^3.9.14"
    "@react-types/shared" "^3.27.0"
    "@swc/helpers" "^0.5.0"

"@react-stately/numberfield@^3.9.8", "@react-stately/numberfield@^3.9.9":
  version "3.9.9"
  resolved "https://registry.yarnpkg.com/@react-stately/numberfield/-/numberfield-3.9.9.tgz#a7d2d756aee8dd2df0eb1b0c1ab657148de4a439"
  integrity sha512-hZsLiGGHTHmffjFymbH1qVmA633rU2GNjMFQTuSsN4lqqaP8fgxngd5pPCoTCUFEkUgWjdHenw+ZFByw8lIE+g==
  dependencies:
    "@internationalized/number" "^3.6.0"
    "@react-stately/form" "^3.1.1"
    "@react-stately/utils" "^3.10.5"
    "@react-types/numberfield" "^3.8.8"
    "@swc/helpers" "^0.5.0"

"@react-stately/overlays@^3.6.12", "@react-stately/overlays@^3.6.13":
  version "3.6.13"
  resolved "https://registry.yarnpkg.com/@react-stately/overlays/-/overlays-3.6.13.tgz#37cd757d3404d0fb827216a8e11dbce8ea2186c7"
  integrity sha512-WsU85Gf/b+HbWsnnYw7P/Ila3wD+C37Uk/WbU4/fHgJ26IEOWsPE6wlul8j54NZ1PnLNhV9Fn+Kffi+PaJMQXQ==
  dependencies:
    "@react-stately/utils" "^3.10.5"
    "@react-types/overlays" "^3.8.12"
    "@swc/helpers" "^0.5.0"

"@react-stately/radio@^3.10.10", "@react-stately/radio@^3.10.9":
  version "3.10.10"
  resolved "https://registry.yarnpkg.com/@react-stately/radio/-/radio-3.10.10.tgz#1507265e66ce2d200f0d2127f1659ba0d7f53fba"
  integrity sha512-9x3bpq87uV8iYA4NaioTTWjriQSlSdp+Huqlxll0T3W3okpyraTTejE91PbIoRTUmL5qByIh2WzxYmr4QdBgAA==
  dependencies:
    "@react-stately/form" "^3.1.1"
    "@react-stately/utils" "^3.10.5"
    "@react-types/radio" "^3.8.6"
    "@react-types/shared" "^3.27.0"
    "@swc/helpers" "^0.5.0"

"@react-stately/searchfield@^3.5.9":
  version "3.5.9"
  resolved "https://registry.yarnpkg.com/@react-stately/searchfield/-/searchfield-3.5.9.tgz#0e552c1928b9affb6dfd6de280c2d9aca8486b73"
  integrity sha512-7/aO/oLJ4czKEji0taI/lbHKqPJRag9p3YmRaZ4yqjIMpKxzmJCWQcov5lzWeFhG/1hINKndYlxFnVIKV/urpg==
  dependencies:
    "@react-stately/utils" "^3.10.5"
    "@react-types/searchfield" "^3.5.11"
    "@swc/helpers" "^0.5.0"

"@react-stately/select@^3.6.10", "@react-stately/select@^3.6.9":
  version "3.6.10"
  resolved "https://registry.yarnpkg.com/@react-stately/select/-/select-3.6.10.tgz#ecfb1fb286f810c05cdd6b5050869ac42316ad03"
  integrity sha512-V7V0FCL9T+GzLjyfnJB6PUaKldFyT/8Rj6M+R9ura1A0O+s/FEOesy0pdMXFoL1l5zeUpGlCnhJrsI5HFWHfDw==
  dependencies:
    "@react-stately/form" "^3.1.1"
    "@react-stately/list" "^3.11.2"
    "@react-stately/overlays" "^3.6.13"
    "@react-types/select" "^3.9.9"
    "@react-types/shared" "^3.27.0"
    "@swc/helpers" "^0.5.0"

"@react-stately/selection@^3.18.0", "@react-stately/selection@^3.19.0":
  version "3.19.0"
  resolved "https://registry.yarnpkg.com/@react-stately/selection/-/selection-3.19.0.tgz#e81357d94330c06bfc3a842f454be93c5c089b28"
  integrity sha512-AvbUqnWjqVQC48RD39S9BpMKMLl55Zo5l/yx5JQFPl55cFwe9Tpku1KY0wzt3fXXiXWaqjDn/7Gkg1VJYy8esQ==
  dependencies:
    "@react-stately/collections" "^3.12.1"
    "@react-stately/utils" "^3.10.5"
    "@react-types/shared" "^3.27.0"
    "@swc/helpers" "^0.5.0"

"@react-stately/tabs@^3.7.0", "@react-stately/tabs@^3.7.1":
  version "3.7.1"
  resolved "https://registry.yarnpkg.com/@react-stately/tabs/-/tabs-3.7.1.tgz#342fac307357c277e9a6e17dba077ea784b8ace2"
  integrity sha512-gr9ACyuWrYuc727h7WaHdmNw8yxVlUyQlguziR94MdeRtFGQnf3V6fNQG3kxyB77Ljko69tgDF7Nf6kfPUPAQQ==
  dependencies:
    "@react-stately/list" "^3.11.2"
    "@react-types/shared" "^3.27.0"
    "@react-types/tabs" "^3.3.12"
    "@swc/helpers" "^0.5.0"

"@react-stately/toggle@^3.8.0", "@react-stately/toggle@^3.8.1":
  version "3.8.1"
  resolved "https://registry.yarnpkg.com/@react-stately/toggle/-/toggle-3.8.1.tgz#3ab375d910f417a57bf457dfb0f1e0dd14d2e7f8"
  integrity sha512-MVpe79ghVQiwLmVzIPhF/O/UJAUc9B+ZSylVTyJiEPi0cwhbkKGQv9thOF0ebkkRkace5lojASqUAYtSTZHQJA==
  dependencies:
    "@react-stately/utils" "^3.10.5"
    "@react-types/checkbox" "^3.9.1"
    "@react-types/shared" "^3.27.0"
    "@swc/helpers" "^0.5.0"

"@react-stately/tooltip@^3.5.0", "@react-stately/tooltip@^3.5.1":
  version "3.5.1"
  resolved "https://registry.yarnpkg.com/@react-stately/tooltip/-/tooltip-3.5.1.tgz#b002cdd7e652c3deaae48daa736f74ad7040f2d4"
  integrity sha512-0aI3U5kB7Cop9OCW9/Bag04zkivFSdUcQgy/TWL4JtpXidVWmOha8txI1WySawFSjZhH83KIyPc+wKm1msfLMQ==
  dependencies:
    "@react-stately/overlays" "^3.6.13"
    "@react-types/tooltip" "^3.4.14"
    "@swc/helpers" "^0.5.0"

"@react-stately/tree@^3.8.6", "@react-stately/tree@^3.8.7":
  version "3.8.7"
  resolved "https://registry.yarnpkg.com/@react-stately/tree/-/tree-3.8.7.tgz#4eb80212d9dd7c1522d65a14dc039818da690891"
  integrity sha512-hpc3pyuXWeQV5ufQ02AeNQg/MYhnzZ4NOznlY5OOUoPzpLYiI3ZJubiY3Dot4jw5N/LR7CqvDLHmrHaJPmZlHg==
  dependencies:
    "@react-stately/collections" "^3.12.1"
    "@react-stately/selection" "^3.19.0"
    "@react-stately/utils" "^3.10.5"
    "@react-types/shared" "^3.27.0"
    "@swc/helpers" "^0.5.0"

"@react-stately/utils@^3.10.5":
  version "3.10.5"
  resolved "https://registry.yarnpkg.com/@react-stately/utils/-/utils-3.10.5.tgz#47bb91cd5afd1bafe39353614e5e281b818ebccc"
  integrity sha512-iMQSGcpaecghDIh3mZEpZfoFH3ExBwTtuBEcvZ2XnGzCgQjeYXcMdIUwAfVQLXFTdHUHGF6Gu6/dFrYsCzySBQ==
  dependencies:
    "@swc/helpers" "^0.5.0"

"@react-types/button@^3.10.2":
  version "3.10.2"
  resolved "https://registry.yarnpkg.com/@react-types/button/-/button-3.10.2.tgz#60ce0d4a16690d94a8ae23bb00207c8af9616919"
  integrity sha512-h8SB/BLoCgoBulCpyzaoZ+miKXrolK9XC48+n1dKJXT8g4gImrficurDW6+PRTQWaRai0Q0A6bu8UibZOU4syg==
  dependencies:
    "@react-types/shared" "^3.27.0"

"@react-types/calendar@^3.6.0":
  version "3.6.0"
  resolved "https://registry.yarnpkg.com/@react-types/calendar/-/calendar-3.6.0.tgz#4cfaa261cce621b77ef0705d0f9c07da774a007b"
  integrity sha512-BtFh4BFwvsYlsaSqUOVxlqXZSlJ6u4aozgO3PwHykhpemwidlzNwm9qDZhcMWPioNF/w2cU/6EqhvEKUHDnFZg==
  dependencies:
    "@internationalized/date" "^3.7.0"
    "@react-types/shared" "^3.27.0"

"@react-types/checkbox@^3.9.1":
  version "3.9.1"
  resolved "https://registry.yarnpkg.com/@react-types/checkbox/-/checkbox-3.9.1.tgz#6ba0153f3f498af211112eab6e31d243170d5004"
  integrity sha512-0x/KQcipfNM9Nvy6UMwYG25roRLvsiqf0J3woTYylNNWzF+72XT0iI5FdJkE3w2wfa0obmSoeq4WcbFREQrH/A==
  dependencies:
    "@react-types/shared" "^3.27.0"

"@react-types/combobox@^3.13.2":
  version "3.13.2"
  resolved "https://registry.yarnpkg.com/@react-types/combobox/-/combobox-3.13.2.tgz#b6ee140166691e59bebe57f082dc6127f9bb7210"
  integrity sha512-yl2yMcM5/v3lJiNZWjpAhQ9vRW6dD55CD4rYmO2K7XvzYJaFVT4WYI/AymPYD8RqomMp7coBmBHfHW0oupk8gg==
  dependencies:
    "@react-types/shared" "^3.27.0"

"@react-types/datepicker@^3.10.0":
  version "3.10.0"
  resolved "https://registry.yarnpkg.com/@react-types/datepicker/-/datepicker-3.10.0.tgz#4557c2d22a52fb7340ca27e6eba4d23556684e84"
  integrity sha512-Att7y4NedNH1CogMDIX9URXgMLxGbZgnFCZ8oxgFAVndWzbh3TBcc4s7uoJDPvgRMAalq+z+SrlFFeoBeJmvvg==
  dependencies:
    "@internationalized/date" "^3.7.0"
    "@react-types/calendar" "^3.6.0"
    "@react-types/overlays" "^3.8.12"
    "@react-types/shared" "^3.27.0"

"@react-types/dialog@^3.5.15":
  version "3.5.15"
  resolved "https://registry.yarnpkg.com/@react-types/dialog/-/dialog-3.5.15.tgz#abf7c16c41808b80ac7300f9dc4a8a1ba72020ee"
  integrity sha512-BX1+mV35Oa0aIlhu98OzJaSB7uiCWDPQbr0AkpFBajSSlESUoAjntN+4N+QJmj24z2v6UE9zxGQ85/U/0Le+bw==
  dependencies:
    "@react-types/overlays" "^3.8.12"
    "@react-types/shared" "^3.27.0"

"@react-types/listbox@^3.5.4":
  version "3.5.4"
  resolved "https://registry.yarnpkg.com/@react-types/listbox/-/listbox-3.5.4.tgz#71de93319e508a38a073e5cc9ffcaa01d7fb02e7"
  integrity sha512-5otTes0zOwRZwNtqysPD/aW4qFJSxd5znjwoWTLnzDXXOBHXPyR83IJf8ITgvIE5C0y+EFadsWR/BBO3k9Pj7g==
  dependencies:
    "@react-types/shared" "^3.27.0"

"@react-types/menu@^3.9.14":
  version "3.9.14"
  resolved "https://registry.yarnpkg.com/@react-types/menu/-/menu-3.9.14.tgz#524d173ad2d79bf9deeffd7de2af8a9839f9a212"
  integrity sha512-RJW/S8IPwbRuohJ/A9HJ7W8QaAY816tm7Nv6+H/TLXG76zu2AS5vEgq+0TcCAWvJJwUdLDpJWJMlo0iIoIBtcg==
  dependencies:
    "@react-types/overlays" "^3.8.12"
    "@react-types/shared" "^3.27.0"

"@react-types/numberfield@^3.8.8":
  version "3.8.8"
  resolved "https://registry.yarnpkg.com/@react-types/numberfield/-/numberfield-3.8.8.tgz#7134dc8e40ebeb493be7badc28648a11b6186f16"
  integrity sha512-825JPppxDaWh0Zxb0Q+wSslgRQYOtQPCAuhszPuWEy6d2F/M+hLR+qQqvQm9+LfMbdwiTg6QK5wxdWFCp2t7jw==
  dependencies:
    "@react-types/shared" "^3.27.0"

"@react-types/overlays@^3.8.12":
  version "3.8.12"
  resolved "https://registry.yarnpkg.com/@react-types/overlays/-/overlays-3.8.12.tgz#0cd1ee17e6eacc33899821ab34045fc396898c22"
  integrity sha512-ZvR1t0YV7/6j+6OD8VozKYjvsXT92+C/2LOIKozy7YUNS5KI4MkXbRZzJvkuRECVZOmx8JXKTUzhghWJM/3QuQ==
  dependencies:
    "@react-types/shared" "^3.27.0"

"@react-types/progress@^3.5.9":
  version "3.5.9"
  resolved "https://registry.yarnpkg.com/@react-types/progress/-/progress-3.5.9.tgz#aab7a20f361d970e5e847fedbe4306557cde0bad"
  integrity sha512-zFxOzx3G8XUmHgpm037Hcayls5bqzXVa182E3iM7YWTmrjxJPKZ58XL0WWBgpTd+mJD7fTpnFdAZqSmFbtDOdA==
  dependencies:
    "@react-types/shared" "^3.27.0"

"@react-types/radio@^3.8.6":
  version "3.8.6"
  resolved "https://registry.yarnpkg.com/@react-types/radio/-/radio-3.8.6.tgz#e3721f47fdbcc56a6c912870c0676edb146bc822"
  integrity sha512-woTQYdRFjPzuml4qcIf+2zmycRuM5w3fDS5vk6CQmComVUjOFPtD28zX3Z9kc9lSNzaBQz9ONZfFqkZ1gqfICA==
  dependencies:
    "@react-types/shared" "^3.27.0"

"@react-types/searchfield@^3.5.11":
  version "3.5.11"
  resolved "https://registry.yarnpkg.com/@react-types/searchfield/-/searchfield-3.5.11.tgz#b15872853ef0908c1b0d81fcb40df50e60600f58"
  integrity sha512-MX8d9pgvxZxmgDwI0tiDaf6ijOY8XcRj0HM8Ocfttlk7PEFJK44p51WsUC+fPX1GmZni2JpFkx/haPOSLUECdw==
  dependencies:
    "@react-types/shared" "^3.27.0"
    "@react-types/textfield" "^3.11.0"

"@react-types/select@^3.9.9":
  version "3.9.9"
  resolved "https://registry.yarnpkg.com/@react-types/select/-/select-3.9.9.tgz#adb771b5152be664e0e3011dad60cc4a3258c66d"
  integrity sha512-/hCd0o+ztn29FKCmVec+v7t4JpOzz56o+KrG7NDq2pcRWqUR9kNwCjrPhSbJIIEDm4ubtrfPu41ysIuDvRd2Bg==
  dependencies:
    "@react-types/shared" "^3.27.0"

"@react-types/shared@^3.27.0":
  version "3.27.0"
  resolved "https://registry.yarnpkg.com/@react-types/shared/-/shared-3.27.0.tgz#167c163139efc98c2194aba090076c03b658c07d"
  integrity sha512-gvznmLhi6JPEf0bsq7SwRYTHAKKq/wcmKqFez9sRdbED+SPMUmK5omfZ6w3EwUFQHbYUa4zPBYedQ7Knv70RMw==

"@react-types/tabs@^3.3.12":
  version "3.3.12"
  resolved "https://registry.yarnpkg.com/@react-types/tabs/-/tabs-3.3.12.tgz#7cd69dae549136ede13f35878e65ccff7bb4522f"
  integrity sha512-E9O9G+wf9kaQ8UbDEDliW/oxYlJnh7oDCW1zaMOySwnG4yeCh7Wu02EOCvlQW4xvgn/i+lbEWgirf7L+yj5nRg==
  dependencies:
    "@react-types/shared" "^3.27.0"

"@react-types/textfield@^3.11.0":
  version "3.11.0"
  resolved "https://registry.yarnpkg.com/@react-types/textfield/-/textfield-3.11.0.tgz#09d1fb2dbc24795b22008d27490b1620e6d68c01"
  integrity sha512-YORBgr6wlu2xfvr4MqjKFHGpj+z8LBzk14FbWDbYnnhGnv0I10pj+m2KeOHgDNFHrfkDdDOQmMIKn1UCqeUuEg==
  dependencies:
    "@react-types/shared" "^3.27.0"

"@react-types/tooltip@^3.4.14":
  version "3.4.14"
  resolved "https://registry.yarnpkg.com/@react-types/tooltip/-/tooltip-3.4.14.tgz#7acc4247f9bcb30e50fc4c18e8b3fda17e52d85c"
  integrity sha512-J7CeYL2yPeKIasx1rPaEefyCHGEx2DOCx+7bM3XcKGmCxvNdVQLjimNJOt8IHlUA0nFJQOjmSW/mz9P0f2/kUw==
  dependencies:
    "@react-types/overlays" "^3.8.12"
    "@react-types/shared" "^3.27.0"

"@swc/helpers@^0.5.0":
  version "0.5.15"
  resolved "https://registry.yarnpkg.com/@swc/helpers/-/helpers-0.5.15.tgz#79efab344c5819ecf83a43f3f9f811fc84b516d7"
  integrity sha512-JQ5TuMi45Owi4/BIMAJBoSQoOJu12oOk/gADqlcUL9JEdHB8vyjUSsxqeNXnmXHjYKMi2WcYtezGEEhqUI/E2g==
  dependencies:
    tslib "^2.8.0"

clsx@^2.0.0:
  version "2.1.1"
  resolved "https://registry.yarnpkg.com/clsx/-/clsx-2.1.1.tgz#eed397c9fd8bd882bfb18deab7102049a2f32999"
  integrity sha512-eYm0QWBtUrBWZWG0d386OGAw16Z995PiOVo2B7bjWSbHedGl5e0ZWaq65kOGgUSNesEIDkB9ISbTg/JK9dhCZA==

decimal.js@10:
  version "10.4.3"
  resolved "https://registry.yarnpkg.com/decimal.js/-/decimal.js-10.4.3.tgz#1044092884d245d1b7f65725fa4ad4c6f781cc23"
  integrity sha512-VBBaLc1MgL5XpzgIP7ny5Z6Nx3UrRkIViUkPUdtl9aya5amy3De1gsUUSB1g3+3sExYNjCAsAznmukyxCb1GRA==

intl-messageformat@^10.1.0:
  version "10.7.14"
  resolved "https://registry.yarnpkg.com/intl-messageformat/-/intl-messageformat-10.7.14.tgz#ddcbbfdb1682afe56da094f21a4ac74fc3c91552"
  integrity sha512-mMGnE4E1otdEutV5vLUdCxRJygHB5ozUBxsPB5qhitewssrS/qGruq9bmvIRkkGsNeK5ZWLfYRld18UHGTIifQ==
  dependencies:
    "@formatjs/ecma402-abstract" "2.3.2"
    "@formatjs/fast-memoize" "2.2.6"
    "@formatjs/icu-messageformat-parser" "2.11.0"
    tslib "2"

libphonenumber-js@^1.11.17:
  version "1.11.18"
  resolved "https://registry.yarnpkg.com/libphonenumber-js/-/libphonenumber-js-1.11.18.tgz#0ce5188a76487fae01afdf318255783cde36501e"
  integrity sha512-okMm/MCoFrm1vByeVFLBdkFIXLSHy/AIK2AEGgY3eoicfWZeOZqv3GfhtQgICkzs/tqorAMm3a4GBg5qNCrqzg==

react-fast-compare@^3.2.2:
  version "3.2.2"
  resolved "https://registry.yarnpkg.com/react-fast-compare/-/react-fast-compare-3.2.2.tgz#929a97a532304ce9fee4bcae44234f1ce2c21d49"
  integrity sha512-nsO+KSNgo1SbJqJEYRE9ERzo7YtYbou/OqjSQKxV7jcKox7+usiUVZOAC+XnDOABXggQTno0Y1CpVnuWEc1boQ==

tslib@2, tslib@^2.8.0:
  version "2.8.1"
  resolved "https://registry.yarnpkg.com/tslib/-/tslib-2.8.1.tgz#612efe4ed235d567e8aba5f2a5fab70280ade83f"
  integrity sha512-oJFu94HQb+KVduSUQL7wnpmqnfmLsOA/nAh6b6EH0wCEoK0/mPeXU6c3wKDV83MkOuHPRHtSXKKU99IBazS/2w==

uuid@^11.0.3:
  version "11.0.5"
  resolved "https://registry.yarnpkg.com/uuid/-/uuid-11.0.5.tgz#07b46bdfa6310c92c3fb3953a8720f170427fc62"
  integrity sha512-508e6IcKLrhxKdBbcA2b4KQZlLVp2+J5UwQ6F7Drckkc5N9ZJwFa4TgWtsww9UG8fGHbm6gbV19TdM5pQ4GaIA==
